
Microsoft Visual Studio Solution File, Format Version 12.00
# Visual Studio 15
VisualStudioVersion = 15.0.27130.2010
MinimumVisualStudioVersion = 10.0.40219.1
Project("{9A19103F-16F7-4668-BE54-9A1E7A4F7556}") = "CDP.CoreApp", "CDP.CoreApp\CDP.CoreApp.csproj", "{C4A40DA1-FD99-4916-BA05-5A69CAB172A7}"
EndProject
Project("{9A19103F-16F7-4668-BE54-9A1E7A4F7556}") = "CDP.AppDomain", "CDP.AppDomain\CDP.AppDomain.csproj", "{B7878F4A-A6B5-44EE-A3D2-F965D518FF61}"
EndProject
Project("{9A19103F-16F7-4668-BE54-9A1E7A4F7556}") = "CDP.Common", "CDP.Common\CDP.Common.csproj", "{B2C224C7-3161-4A0D-86AE-8753109CEC16}"
EndProject
Project("{9A19103F-16F7-4668-BE54-9A1E7A4F7556}") = "CDP.CoreApp.Tests", "CDP.CoreApp.Tests\CDP.CoreApp.Tests.csproj", "{9935F477-B262-467D-BC26-213B36DD56B6}"
EndProject
Project("{9A19103F-16F7-4668-BE54-9A1E7A4F7556}") = "CDP.CoreApp.Interfaces", "CDP.CoreApp.Interfaces\CDP.CoreApp.Interfaces.csproj", "{45BB3292-A5CC-42DC-B91E-ED1C1303CC9A}"
EndProject
Project("{9A19103F-16F7-4668-BE54-9A1E7A4F7556}") = "CDP.ScoringAndSortingImpl.F3K", "CDP.ScoringAndSortingImpl.F3K\CDP.ScoringAndSortingImpl.F3K.csproj", "{1E5427CD-A683-4C5A-AF42-F6FDCC3A8078}"
EndProject
Project("{9A19103F-16F7-4668-BE54-9A1E7A4F7556}") = "CDP.ScoringAndSortingImpl.F3K.Tests", "CDP.ScoringAndSortingImpl.F3K.Tests\CDP.ScoringAndSortingImpl.F3K.Tests.csproj", "{F2EF7C1F-49FE-424D-BD7C-C049558A308E}"
EndProject
Project("{9A19103F-16F7-4668-BE54-9A1E7A4F7556}") = "CDP.Repository.Azure", "CDP.Repository.Azure\CDP.Repository.Azure.csproj", "{DDCAE0EF-FEFA-47AF-A44E-984EFFC46FAC}"
EndProject
Project("{9A19103F-16F7-4668-BE54-9A1E7A4F7556}") = "CDP.Repository.FileSystem", "CDP.Repository.FileSystem\CDP.Repository.FileSystem.csproj", "{9B5EE04B-73D2-4C26-9AEF-4C790EC8FA48}"
EndProject
Project("{9A19103F-16F7-4668-BE54-9A1E7A4F7556}") = "CDP.Repository.FileSystem.Tests", "CDP.Repository.FileSystem.Tests\CDP.Repository.FileSystem.Tests.csproj", "{1B33F986-F949-48A2-8317-6D3583D16F92}"
EndProject
Global
	GlobalSection(SolutionConfigurationPlatforms) = preSolution
		Debug|Any CPU = Debug|Any CPU
		Debug|ARM = Debug|ARM
		Debug|x64 = Debug|x64
		Debug|x86 = Debug|x86
		Release|Any CPU = Release|Any CPU
		Release|ARM = Release|ARM
		Release|x64 = Release|x64
		Release|x86 = Release|x86
	EndGlobalSection
	GlobalSection(ProjectConfigurationPlatforms) = postSolution
		{C4A40DA1-FD99-4916-BA05-5A69CAB172A7}.Debug|Any CPU.ActiveCfg = Debug|Any CPU
		{C4A40DA1-FD99-4916-BA05-5A69CAB172A7}.Debug|Any CPU.Build.0 = Debug|Any CPU
		{C4A40DA1-FD99-4916-BA05-5A69CAB172A7}.Debug|ARM.ActiveCfg = Debug|Any CPU
		{C4A40DA1-FD99-4916-BA05-5A69CAB172A7}.Debug|ARM.Build.0 = Debug|Any CPU
		{C4A40DA1-FD99-4916-BA05-5A69CAB172A7}.Debug|x64.ActiveCfg = Debug|Any CPU
		{C4A40DA1-FD99-4916-BA05-5A69CAB172A7}.Debug|x64.Build.0 = Debug|Any CPU
		{C4A40DA1-FD99-4916-BA05-5A69CAB172A7}.Debug|x86.ActiveCfg = Debug|Any CPU
		{C4A40DA1-FD99-4916-BA05-5A69CAB172A7}.Debug|x86.Build.0 = Debug|Any CPU
		{C4A40DA1-FD99-4916-BA05-5A69CAB172A7}.Release|Any CPU.ActiveCfg = Release|Any CPU
		{C4A40DA1-FD99-4916-BA05-5A69CAB172A7}.Release|Any CPU.Build.0 = Release|Any CPU
		{C4A40DA1-FD99-4916-BA05-5A69CAB172A7}.Release|ARM.ActiveCfg = Release|Any CPU
		{C4A40DA1-FD99-4916-BA05-5A69CAB172A7}.Release|ARM.Build.0 = Release|Any CPU
		{C4A40DA1-FD99-4916-BA05-5A69CAB172A7}.Release|x64.ActiveCfg = Release|Any CPU
		{C4A40DA1-FD99-4916-BA05-5A69CAB172A7}.Release|x64.Build.0 = Release|Any CPU
		{C4A40DA1-FD99-4916-BA05-5A69CAB172A7}.Release|x86.ActiveCfg = Release|Any CPU
		{C4A40DA1-FD99-4916-BA05-5A69CAB172A7}.Release|x86.Build.0 = Release|Any CPU
		{B7878F4A-A6B5-44EE-A3D2-F965D518FF61}.Debug|Any CPU.ActiveCfg = Debug|Any CPU
		{B7878F4A-A6B5-44EE-A3D2-F965D518FF61}.Debug|Any CPU.Build.0 = Debug|Any CPU
		{B7878F4A-A6B5-44EE-A3D2-F965D518FF61}.Debug|ARM.ActiveCfg = Debug|Any CPU
		{B7878F4A-A6B5-44EE-A3D2-F965D518FF61}.Debug|ARM.Build.0 = Debug|Any CPU
		{B7878F4A-A6B5-44EE-A3D2-F965D518FF61}.Debug|x64.ActiveCfg = Debug|Any CPU
		{B7878F4A-A6B5-44EE-A3D2-F965D518FF61}.Debug|x64.Build.0 = Debug|Any CPU
		{B7878F4A-A6B5-44EE-A3D2-F965D518FF61}.Debug|x86.ActiveCfg = Debug|Any CPU
		{B7878F4A-A6B5-44EE-A3D2-F965D518FF61}.Debug|x86.Build.0 = Debug|Any CPU
		{B7878F4A-A6B5-44EE-A3D2-F965D518FF61}.Release|Any CPU.ActiveCfg = Release|Any CPU
		{B7878F4A-A6B5-44EE-A3D2-F965D518FF61}.Release|Any CPU.Build.0 = Release|Any CPU
		{B7878F4A-A6B5-44EE-A3D2-F965D518FF61}.Release|ARM.ActiveCfg = Release|Any CPU
		{B7878F4A-A6B5-44EE-A3D2-F965D518FF61}.Release|ARM.Build.0 = Release|Any CPU
		{B7878F4A-A6B5-44EE-A3D2-F965D518FF61}.Release|x64.ActiveCfg = Release|Any CPU
		{B7878F4A-A6B5-44EE-A3D2-F965D518FF61}.Release|x64.Build.0 = Release|Any CPU
		{B7878F4A-A6B5-44EE-A3D2-F965D518FF61}.Release|x86.ActiveCfg = Release|Any CPU
		{B7878F4A-A6B5-44EE-A3D2-F965D518FF61}.Release|x86.Build.0 = Release|Any CPU
		{B2C224C7-3161-4A0D-86AE-8753109CEC16}.Debug|Any CPU.ActiveCfg = Debug|Any CPU
		{B2C224C7-3161-4A0D-86AE-8753109CEC16}.Debug|Any CPU.Build.0 = Debug|Any CPU
		{B2C224C7-3161-4A0D-86AE-8753109CEC16}.Debug|ARM.ActiveCfg = Debug|Any CPU
		{B2C224C7-3161-4A0D-86AE-8753109CEC16}.Debug|ARM.Build.0 = Debug|Any CPU
		{B2C224C7-3161-4A0D-86AE-8753109CEC16}.Debug|x64.ActiveCfg = Debug|Any CPU
		{B2C224C7-3161-4A0D-86AE-8753109CEC16}.Debug|x64.Build.0 = Debug|Any CPU
		{B2C224C7-3161-4A0D-86AE-8753109CEC16}.Debug|x86.ActiveCfg = Debug|Any CPU
		{B2C224C7-3161-4A0D-86AE-8753109CEC16}.Debug|x86.Build.0 = Debug|Any CPU
		{B2C224C7-3161-4A0D-86AE-8753109CEC16}.Release|Any CPU.ActiveCfg = Release|Any CPU
		{B2C224C7-3161-4A0D-86AE-8753109CEC16}.Release|Any CPU.Build.0 = Release|Any CPU
		{B2C224C7-3161-4A0D-86AE-8753109CEC16}.Release|ARM.ActiveCfg = Release|Any CPU
		{B2C224C7-3161-4A0D-86AE-8753109CEC16}.Release|ARM.Build.0 = Release|Any CPU
		{B2C224C7-3161-4A0D-86AE-8753109CEC16}.Release|x64.ActiveCfg = Release|Any CPU
		{B2C224C7-3161-4A0D-86AE-8753109CEC16}.Release|x64.Build.0 = Release|Any CPU
		{B2C224C7-3161-4A0D-86AE-8753109CEC16}.Release|x86.ActiveCfg = Release|Any CPU
		{B2C224C7-3161-4A0D-86AE-8753109CEC16}.Release|x86.Build.0 = Release|Any CPU
		{9935F477-B262-467D-BC26-213B36DD56B6}.Debug|Any CPU.ActiveCfg = Debug|Any CPU
		{9935F477-B262-467D-BC26-213B36DD56B6}.Debug|Any CPU.Build.0 = Debug|Any CPU
		{9935F477-B262-467D-BC26-213B36DD56B6}.Debug|ARM.ActiveCfg = Debug|Any CPU
		{9935F477-B262-467D-BC26-213B36DD56B6}.Debug|ARM.Build.0 = Debug|Any CPU
		{9935F477-B262-467D-BC26-213B36DD56B6}.Debug|x64.ActiveCfg = Debug|Any CPU
		{9935F477-B262-467D-BC26-213B36DD56B6}.Debug|x64.Build.0 = Debug|Any CPU
		{9935F477-B262-467D-BC26-213B36DD56B6}.Debug|x86.ActiveCfg = Debug|Any CPU
		{9935F477-B262-467D-BC26-213B36DD56B6}.Debug|x86.Build.0 = Debug|Any CPU
		{9935F477-B262-467D-BC26-213B36DD56B6}.Release|Any CPU.ActiveCfg = Release|Any CPU
		{9935F477-B262-467D-BC26-213B36DD56B6}.Release|Any CPU.Build.0 = Release|Any CPU
		{9935F477-B262-467D-BC26-213B36DD56B6}.Release|ARM.ActiveCfg = Release|Any CPU
		{9935F477-B262-467D-BC26-213B36DD56B6}.Release|ARM.Build.0 = Release|Any CPU
		{9935F477-B262-467D-BC26-213B36DD56B6}.Release|x64.ActiveCfg = Release|Any CPU
		{9935F477-B262-467D-BC26-213B36DD56B6}.Release|x64.Build.0 = Release|Any CPU
		{9935F477-B262-467D-BC26-213B36DD56B6}.Release|x86.ActiveCfg = Release|Any CPU
		{9935F477-B262-467D-BC26-213B36DD56B6}.Release|x86.Build.0 = Release|Any CPU
		{45BB3292-A5CC-42DC-B91E-ED1C1303CC9A}.Debug|Any CPU.ActiveCfg = Debug|Any CPU
		{45BB3292-A5CC-42DC-B91E-ED1C1303CC9A}.Debug|Any CPU.Build.0 = Debug|Any CPU
		{45BB3292-A5CC-42DC-B91E-ED1C1303CC9A}.Debug|ARM.ActiveCfg = Debug|Any CPU
		{45BB3292-A5CC-42DC-B91E-ED1C1303CC9A}.Debug|ARM.Build.0 = Debug|Any CPU
		{45BB3292-A5CC-42DC-B91E-ED1C1303CC9A}.Debug|x64.ActiveCfg = Debug|Any CPU
		{45BB3292-A5CC-42DC-B91E-ED1C1303CC9A}.Debug|x64.Build.0 = Debug|Any CPU
		{45BB3292-A5CC-42DC-B91E-ED1C1303CC9A}.Debug|x86.ActiveCfg = Debug|Any CPU
		{45BB3292-A5CC-42DC-B91E-ED1C1303CC9A}.Debug|x86.Build.0 = Debug|Any CPU
		{45BB3292-A5CC-42DC-B91E-ED1C1303CC9A}.Release|Any CPU.ActiveCfg = Release|Any CPU
		{45BB3292-A5CC-42DC-B91E-ED1C1303CC9A}.Release|Any CPU.Build.0 = Release|Any CPU
		{45BB3292-A5CC-42DC-B91E-ED1C1303CC9A}.Release|ARM.ActiveCfg = Release|Any CPU
		{45BB3292-A5CC-42DC-B91E-ED1C1303CC9A}.Release|ARM.Build.0 = Release|Any CPU
		{45BB3292-A5CC-42DC-B91E-ED1C1303CC9A}.Release|x64.ActiveCfg = Release|Any CPU
		{45BB3292-A5CC-42DC-B91E-ED1C1303CC9A}.Release|x64.Build.0 = Release|Any CPU
		{45BB3292-A5CC-42DC-B91E-ED1C1303CC9A}.Release|x86.ActiveCfg = Release|Any CPU
		{45BB3292-A5CC-42DC-B91E-ED1C1303CC9A}.Release|x86.Build.0 = Release|Any CPU
		{1E5427CD-A683-4C5A-AF42-F6FDCC3A8078}.Debug|Any CPU.ActiveCfg = Debug|Any CPU
		{1E5427CD-A683-4C5A-AF42-F6FDCC3A8078}.Debug|Any CPU.Build.0 = Debug|Any CPU
		{1E5427CD-A683-4C5A-AF42-F6FDCC3A8078}.Debug|ARM.ActiveCfg = Debug|Any CPU
		{1E5427CD-A683-4C5A-AF42-F6FDCC3A8078}.Debug|ARM.Build.0 = Debug|Any CPU
		{1E5427CD-A683-4C5A-AF42-F6FDCC3A8078}.Debug|x64.ActiveCfg = Debug|Any CPU
		{1E5427CD-A683-4C5A-AF42-F6FDCC3A8078}.Debug|x64.Build.0 = Debug|Any CPU
		{1E5427CD-A683-4C5A-AF42-F6FDCC3A8078}.Debug|x86.ActiveCfg = Debug|Any CPU
		{1E5427CD-A683-4C5A-AF42-F6FDCC3A8078}.Debug|x86.Build.0 = Debug|Any CPU
		{1E5427CD-A683-4C5A-AF42-F6FDCC3A8078}.Release|Any CPU.ActiveCfg = Release|Any CPU
		{1E5427CD-A683-4C5A-AF42-F6FDCC3A8078}.Release|Any CPU.Build.0 = Release|Any CPU
		{1E5427CD-A683-4C5A-AF42-F6FDCC3A8078}.Release|ARM.ActiveCfg = Release|Any CPU
		{1E5427CD-A683-4C5A-AF42-F6FDCC3A8078}.Release|ARM.Build.0 = Release|Any CPU
		{1E5427CD-A683-4C5A-AF42-F6FDCC3A8078}.Release|x64.ActiveCfg = Release|Any CPU
		{1E5427CD-A683-4C5A-AF42-F6FDCC3A8078}.Release|x64.Build.0 = Release|Any CPU
		{1E5427CD-A683-4C5A-AF42-F6FDCC3A8078}.Release|x86.ActiveCfg = Release|Any CPU
		{1E5427CD-A683-4C5A-AF42-F6FDCC3A8078}.Release|x86.Build.0 = Release|Any CPU
		{F2EF7C1F-49FE-424D-BD7C-C049558A308E}.Debug|Any CPU.ActiveCfg = Debug|Any CPU
		{F2EF7C1F-49FE-424D-BD7C-C049558A308E}.Debug|Any CPU.Build.0 = Debug|Any CPU
		{F2EF7C1F-49FE-424D-BD7C-C049558A308E}.Debug|ARM.ActiveCfg = Debug|Any CPU
		{F2EF7C1F-49FE-424D-BD7C-C049558A308E}.Debug|ARM.Build.0 = Debug|Any CPU
		{F2EF7C1F-49FE-424D-BD7C-C049558A308E}.Debug|x64.ActiveCfg = Debug|Any CPU
		{F2EF7C1F-49FE-424D-BD7C-C049558A308E}.Debug|x64.Build.0 = Debug|Any CPU
		{F2EF7C1F-49FE-424D-BD7C-C049558A308E}.Debug|x86.ActiveCfg = Debug|Any CPU
		{F2EF7C1F-49FE-424D-BD7C-C049558A308E}.Debug|x86.Build.0 = Debug|Any CPU
		{F2EF7C1F-49FE-424D-BD7C-C049558A308E}.Release|Any CPU.ActiveCfg = Release|Any CPU
		{F2EF7C1F-49FE-424D-BD7C-C049558A308E}.Release|Any CPU.Build.0 = Release|Any CPU
		{F2EF7C1F-49FE-424D-BD7C-C049558A308E}.Release|ARM.ActiveCfg = Release|Any CPU
		{F2EF7C1F-49FE-424D-BD7C-C049558A308E}.Release|ARM.Build.0 = Release|Any CPU
		{F2EF7C1F-49FE-424D-BD7C-C049558A308E}.Release|x64.ActiveCfg = Release|Any CPU
		{F2EF7C1F-49FE-424D-BD7C-C049558A308E}.Release|x64.Build.0 = Release|Any CPU
		{F2EF7C1F-49FE-424D-BD7C-C049558A308E}.Release|x86.ActiveCfg = Release|Any CPU
		{F2EF7C1F-49FE-424D-BD7C-C049558A308E}.Release|x86.Build.0 = Release|Any CPU
		{DDCAE0EF-FEFA-47AF-A44E-984EFFC46FAC}.Debug|Any CPU.ActiveCfg = Debug|Any CPU
		{DDCAE0EF-FEFA-47AF-A44E-984EFFC46FAC}.Debug|Any CPU.Build.0 = Debug|Any CPU
		{DDCAE0EF-FEFA-47AF-A44E-984EFFC46FAC}.Debug|ARM.ActiveCfg = Debug|Any CPU
		{DDCAE0EF-FEFA-47AF-A44E-984EFFC46FAC}.Debug|ARM.Build.0 = Debug|Any CPU
		{DDCAE0EF-FEFA-47AF-A44E-984EFFC46FAC}.Debug|x64.ActiveCfg = Debug|Any CPU
		{DDCAE0EF-FEFA-47AF-A44E-984EFFC46FAC}.Debug|x64.Build.0 = Debug|Any CPU
		{DDCAE0EF-FEFA-47AF-A44E-984EFFC46FAC}.Debug|x86.ActiveCfg = Debug|Any CPU
		{DDCAE0EF-FEFA-47AF-A44E-984EFFC46FAC}.Debug|x86.Build.0 = Debug|Any CPU
		{DDCAE0EF-FEFA-47AF-A44E-984EFFC46FAC}.Release|Any CPU.ActiveCfg = Release|Any CPU
		{DDCAE0EF-FEFA-47AF-A44E-984EFFC46FAC}.Release|Any CPU.Build.0 = Release|Any CPU
		{DDCAE0EF-FEFA-47AF-A44E-984EFFC46FAC}.Release|ARM.ActiveCfg = Release|Any CPU
		{DDCAE0EF-FEFA-47AF-A44E-984EFFC46FAC}.Release|ARM.Build.0 = Release|Any CPU
		{DDCAE0EF-FEFA-47AF-A44E-984EFFC46FAC}.Release|x64.ActiveCfg = Release|Any CPU
		{DDCAE0EF-FEFA-47AF-A44E-984EFFC46FAC}.Release|x64.Build.0 = Release|Any CPU
		{DDCAE0EF-FEFA-47AF-A44E-984EFFC46FAC}.Release|x86.ActiveCfg = Release|Any CPU
		{DDCAE0EF-FEFA-47AF-A44E-984EFFC46FAC}.Release|x86.Build.0 = Release|Any CPU
		{9B5EE04B-73D2-4C26-9AEF-4C790EC8FA48}.Debug|Any CPU.ActiveCfg = Debug|Any CPU
		{9B5EE04B-73D2-4C26-9AEF-4C790EC8FA48}.Debug|Any CPU.Build.0 = Debug|Any CPU
		{9B5EE04B-73D2-4C26-9AEF-4C790EC8FA48}.Debug|ARM.ActiveCfg = Debug|Any CPU
		{9B5EE04B-73D2-4C26-9AEF-4C790EC8FA48}.Debug|ARM.Build.0 = Debug|Any CPU
		{9B5EE04B-73D2-4C26-9AEF-4C790EC8FA48}.Debug|x64.ActiveCfg = Debug|Any CPU
		{9B5EE04B-73D2-4C26-9AEF-4C790EC8FA48}.Debug|x64.Build.0 = Debug|Any CPU
		{9B5EE04B-73D2-4C26-9AEF-4C790EC8FA48}.Debug|x86.ActiveCfg = Debug|Any CPU
		{9B5EE04B-73D2-4C26-9AEF-4C790EC8FA48}.Debug|x86.Build.0 = Debug|Any CPU
		{9B5EE04B-73D2-4C26-9AEF-4C790EC8FA48}.Release|Any CPU.ActiveCfg = Release|Any CPU
		{9B5EE04B-73D2-4C26-9AEF-4C790EC8FA48}.Release|Any CPU.Build.0 = Release|Any CPU
		{9B5EE04B-73D2-4C26-9AEF-4C790EC8FA48}.Release|ARM.ActiveCfg = Release|Any CPU
		{9B5EE04B-73D2-4C26-9AEF-4C790EC8FA48}.Release|ARM.Build.0 = Release|Any CPU
		{9B5EE04B-73D2-4C26-9AEF-4C790EC8FA48}.Release|x64.ActiveCfg = Release|Any CPU
		{9B5EE04B-73D2-4C26-9AEF-4C790EC8FA48}.Release|x64.Build.0 = Release|Any CPU
		{9B5EE04B-73D2-4C26-9AEF-4C790EC8FA48}.Release|x86.ActiveCfg = Release|Any CPU
		{9B5EE04B-73D2-4C26-9AEF-4C790EC8FA48}.Release|x86.Build.0 = Release|Any CPU
		{1B33F986-F949-48A2-8317-6D3583D16F92}.Debug|Any CPU.ActiveCfg = Debug|Any CPU
		{1B33F986-F949-48A2-8317-6D3583D16F92}.Debug|Any CPU.Build.0 = Debug|Any CPU
		{1B33F986-F949-48A2-8317-6D3583D16F92}.Debug|ARM.ActiveCfg = Debug|Any CPU
		{1B33F986-F949-48A2-8317-6D3583D16F92}.Debug|ARM.Build.0 = Debug|Any CPU
		{1B33F986-F949-48A2-8317-6D3583D16F92}.Debug|x64.ActiveCfg = Debug|Any CPU
		{1B33F986-F949-48A2-8317-6D3583D16F92}.Debug|x64.Build.0 = Debug|Any CPU
		{1B33F986-F949-48A2-8317-6D3583D16F92}.Debug|x86.ActiveCfg = Debug|Any CPU
		{1B33F986-F949-48A2-8317-6D3583D16F92}.Debug|x86.Build.0 = Debug|Any CPU
		{1B33F986-F949-48A2-8317-6D3583D16F92}.Release|Any CPU.ActiveCfg = Release|Any CPU
		{1B33F986-F949-48A2-8317-6D3583D16F92}.Release|Any CPU.Build.0 = Release|Any CPU
		{1B33F986-F949-48A2-8317-6D3583D16F92}.Release|ARM.ActiveCfg = Release|Any CPU
		{1B33F986-F949-48A2-8317-6D3583D16F92}.Release|ARM.Build.0 = Release|Any CPU
		{1B33F986-F949-48A2-8317-6D3583D16F92}.Release|x64.ActiveCfg = Release|Any CPU
		{1B33F986-F949-48A2-8317-6D3583D16F92}.Release|x64.Build.0 = Release|Any CPU
		{1B33F986-F949-48A2-8317-6D3583D16F92}.Release|x86.ActiveCfg = Release|Any CPU
		{1B33F986-F949-48A2-8317-6D3583D16F92}.Release|x86.Build.0 = Release|Any CPU
	EndGlobalSection
	GlobalSection(SolutionProperties) = preSolution
		HideSolutionNode = FALSE
	EndGlobalSection
	GlobalSection(ExtensibilityGlobals) = postSolution
		SolutionGuid = {CA56F832-927E-4A1F-A210-203D64346497}
	EndGlobalSection
EndGlobal
