
Microsoft Visual Studio Solution File, Format Version 12.00
# Visual Studio 15
VisualStudioVersion = 15.0.27130.2010
MinimumVisualStudioVersion = 10.0.40219.1
Project("{9A19103F-16F7-4668-BE54-9A1E7A4F7556}") = "CDP.AppDomain", "CDP.AppDomain\CDP.AppDomain.csproj", "{571CF1E3-AC42-47F2-86EE-BD94F50F43C2}"
EndProject
Project("{9A19103F-16F7-4668-BE54-9A1E7A4F7556}") = "CDP.Common", "CDP.Common\CDP.Common.csproj", "{7CF1E0C9-CD94-4C76-BFC7-CE5F6DBB51D6}"
EndProject
Project("{9A19103F-16F7-4668-BE54-9A1E7A4F7556}") = "CDP.CoreApp", "CDP.CoreApp\CDP.CoreApp.csproj", "{94E9C03E-0E44-4D52-BFBA-F893B2167998}"
EndProject
Project("{9A19103F-16F7-4668-BE54-9A1E7A4F7556}") = "CDP.CoreApp.Interfaces", "CDP.CoreApp.Interfaces\CDP.CoreApp.Interfaces.csproj", "{59753DB8-42B3-4B1A-B47C-3800C6C86DF1}"
EndProject
Project("{FAE04EC0-301F-11D3-BF4B-00C04F79EFBC}") = "CDP.Repository.WindowsStorage", "CDP.Repository.WindowsStorage\CDP.Repository.WindowsStorage.csproj", "{54B03116-7EEF-48D3-8783-05872C0C94E0}"
EndProject
Project("{9A19103F-16F7-4668-BE54-9A1E7A4F7556}") = "CDP.ScoringAndSortingImpl.F3K", "CDP.ScoringAndSortingImpl.F3K\CDP.ScoringAndSortingImpl.F3K.csproj", "{DF675FDD-2BCB-4B38-A989-4C84707E7A9B}"
EndProject
Project("{9A19103F-16F7-4668-BE54-9A1E7A4F7556}") = "CDP.CoreApp.Tests", "CDP.CoreApp.Tests\CDP.CoreApp.Tests.csproj", "{6A3285D9-EE87-4FE1-BA53-6D12CD496FD1}"
EndProject
Project("{9A19103F-16F7-4668-BE54-9A1E7A4F7556}") = "CDP.ScoringAndSortingImpl.F3K.Tests", "CDP.ScoringAndSortingImpl.F3K.Tests\CDP.ScoringAndSortingImpl.F3K.Tests.csproj", "{6FFE3A9F-9FD9-4D2D-A75E-373BE8234A80}"
EndProject
Project("{FAE04EC0-301F-11D3-BF4B-00C04F79EFBC}") = "CDP.UWP", "CDP.UWP\CDP.UWP.csproj", "{A50C9702-260D-44B3-BB6B-7578409863C3}"
EndProject
Project("{FAE04EC0-301F-11D3-BF4B-00C04F79EFBC}") = "CDP.Tests.Common", "CDP.Tests.Common\CDP.Tests.Common.csproj", "{540E0F56-6F5F-4892-81FC-FB3983036537}"
EndProject
Global
	GlobalSection(SolutionConfigurationPlatforms) = preSolution
		Debug|Any CPU = Debug|Any CPU
		Debug|ARM = Debug|ARM
		Debug|x64 = Debug|x64
		Debug|x86 = Debug|x86
		Release|Any CPU = Release|Any CPU
		Release|ARM = Release|ARM
		Release|x64 = Release|x64
		Release|x86 = Release|x86
	EndGlobalSection
	GlobalSection(ProjectConfigurationPlatforms) = postSolution
		{571CF1E3-AC42-47F2-86EE-BD94F50F43C2}.Debug|Any CPU.ActiveCfg = Debug|Any CPU
		{571CF1E3-AC42-47F2-86EE-BD94F50F43C2}.Debug|Any CPU.Build.0 = Debug|Any CPU
		{571CF1E3-AC42-47F2-86EE-BD94F50F43C2}.Debug|ARM.ActiveCfg = Debug|Any CPU
		{571CF1E3-AC42-47F2-86EE-BD94F50F43C2}.Debug|ARM.Build.0 = Debug|Any CPU
		{571CF1E3-AC42-47F2-86EE-BD94F50F43C2}.Debug|x64.ActiveCfg = Debug|Any CPU
		{571CF1E3-AC42-47F2-86EE-BD94F50F43C2}.Debug|x64.Build.0 = Debug|Any CPU
		{571CF1E3-AC42-47F2-86EE-BD94F50F43C2}.Debug|x86.ActiveCfg = Debug|Any CPU
		{571CF1E3-AC42-47F2-86EE-BD94F50F43C2}.Debug|x86.Build.0 = Debug|Any CPU
		{571CF1E3-AC42-47F2-86EE-BD94F50F43C2}.Release|Any CPU.ActiveCfg = Release|Any CPU
		{571CF1E3-AC42-47F2-86EE-BD94F50F43C2}.Release|Any CPU.Build.0 = Release|Any CPU
		{571CF1E3-AC42-47F2-86EE-BD94F50F43C2}.Release|ARM.ActiveCfg = Release|Any CPU
		{571CF1E3-AC42-47F2-86EE-BD94F50F43C2}.Release|ARM.Build.0 = Release|Any CPU
		{571CF1E3-AC42-47F2-86EE-BD94F50F43C2}.Release|x64.ActiveCfg = Release|Any CPU
		{571CF1E3-AC42-47F2-86EE-BD94F50F43C2}.Release|x64.Build.0 = Release|Any CPU
		{571CF1E3-AC42-47F2-86EE-BD94F50F43C2}.Release|x86.ActiveCfg = Release|Any CPU
		{571CF1E3-AC42-47F2-86EE-BD94F50F43C2}.Release|x86.Build.0 = Release|Any CPU
		{7CF1E0C9-CD94-4C76-BFC7-CE5F6DBB51D6}.Debug|Any CPU.ActiveCfg = Debug|Any CPU
		{7CF1E0C9-CD94-4C76-BFC7-CE5F6DBB51D6}.Debug|Any CPU.Build.0 = Debug|Any CPU
		{7CF1E0C9-CD94-4C76-BFC7-CE5F6DBB51D6}.Debug|ARM.ActiveCfg = Debug|Any CPU
		{7CF1E0C9-CD94-4C76-BFC7-CE5F6DBB51D6}.Debug|ARM.Build.0 = Debug|Any CPU
		{7CF1E0C9-CD94-4C76-BFC7-CE5F6DBB51D6}.Debug|x64.ActiveCfg = Debug|Any CPU
		{7CF1E0C9-CD94-4C76-BFC7-CE5F6DBB51D6}.Debug|x64.Build.0 = Debug|Any CPU
		{7CF1E0C9-CD94-4C76-BFC7-CE5F6DBB51D6}.Debug|x86.ActiveCfg = Debug|Any CPU
		{7CF1E0C9-CD94-4C76-BFC7-CE5F6DBB51D6}.Debug|x86.Build.0 = Debug|Any CPU
		{7CF1E0C9-CD94-4C76-BFC7-CE5F6DBB51D6}.Release|Any CPU.ActiveCfg = Release|Any CPU
		{7CF1E0C9-CD94-4C76-BFC7-CE5F6DBB51D6}.Release|Any CPU.Build.0 = Release|Any CPU
		{7CF1E0C9-CD94-4C76-BFC7-CE5F6DBB51D6}.Release|ARM.ActiveCfg = Release|Any CPU
		{7CF1E0C9-CD94-4C76-BFC7-CE5F6DBB51D6}.Release|ARM.Build.0 = Release|Any CPU
		{7CF1E0C9-CD94-4C76-BFC7-CE5F6DBB51D6}.Release|x64.ActiveCfg = Release|Any CPU
		{7CF1E0C9-CD94-4C76-BFC7-CE5F6DBB51D6}.Release|x64.Build.0 = Release|Any CPU
		{7CF1E0C9-CD94-4C76-BFC7-CE5F6DBB51D6}.Release|x86.ActiveCfg = Release|Any CPU
		{7CF1E0C9-CD94-4C76-BFC7-CE5F6DBB51D6}.Release|x86.Build.0 = Release|Any CPU
		{94E9C03E-0E44-4D52-BFBA-F893B2167998}.Debug|Any CPU.ActiveCfg = Debug|Any CPU
		{94E9C03E-0E44-4D52-BFBA-F893B2167998}.Debug|Any CPU.Build.0 = Debug|Any CPU
		{94E9C03E-0E44-4D52-BFBA-F893B2167998}.Debug|ARM.ActiveCfg = Debug|Any CPU
		{94E9C03E-0E44-4D52-BFBA-F893B2167998}.Debug|ARM.Build.0 = Debug|Any CPU
		{94E9C03E-0E44-4D52-BFBA-F893B2167998}.Debug|x64.ActiveCfg = Debug|Any CPU
		{94E9C03E-0E44-4D52-BFBA-F893B2167998}.Debug|x64.Build.0 = Debug|Any CPU
		{94E9C03E-0E44-4D52-BFBA-F893B2167998}.Debug|x86.ActiveCfg = Debug|Any CPU
		{94E9C03E-0E44-4D52-BFBA-F893B2167998}.Debug|x86.Build.0 = Debug|Any CPU
		{94E9C03E-0E44-4D52-BFBA-F893B2167998}.Release|Any CPU.ActiveCfg = Release|Any CPU
		{94E9C03E-0E44-4D52-BFBA-F893B2167998}.Release|Any CPU.Build.0 = Release|Any CPU
		{94E9C03E-0E44-4D52-BFBA-F893B2167998}.Release|ARM.ActiveCfg = Release|Any CPU
		{94E9C03E-0E44-4D52-BFBA-F893B2167998}.Release|ARM.Build.0 = Release|Any CPU
		{94E9C03E-0E44-4D52-BFBA-F893B2167998}.Release|x64.ActiveCfg = Release|Any CPU
		{94E9C03E-0E44-4D52-BFBA-F893B2167998}.Release|x64.Build.0 = Release|Any CPU
		{94E9C03E-0E44-4D52-BFBA-F893B2167998}.Release|x86.ActiveCfg = Release|Any CPU
		{94E9C03E-0E44-4D52-BFBA-F893B2167998}.Release|x86.Build.0 = Release|Any CPU
		{59753DB8-42B3-4B1A-B47C-3800C6C86DF1}.Debug|Any CPU.ActiveCfg = Debug|Any CPU
		{59753DB8-42B3-4B1A-B47C-3800C6C86DF1}.Debug|Any CPU.Build.0 = Debug|Any CPU
		{59753DB8-42B3-4B1A-B47C-3800C6C86DF1}.Debug|ARM.ActiveCfg = Debug|Any CPU
		{59753DB8-42B3-4B1A-B47C-3800C6C86DF1}.Debug|ARM.Build.0 = Debug|Any CPU
		{59753DB8-42B3-4B1A-B47C-3800C6C86DF1}.Debug|x64.ActiveCfg = Debug|Any CPU
		{59753DB8-42B3-4B1A-B47C-3800C6C86DF1}.Debug|x64.Build.0 = Debug|Any CPU
		{59753DB8-42B3-4B1A-B47C-3800C6C86DF1}.Debug|x86.ActiveCfg = Debug|Any CPU
		{59753DB8-42B3-4B1A-B47C-3800C6C86DF1}.Debug|x86.Build.0 = Debug|Any CPU
		{59753DB8-42B3-4B1A-B47C-3800C6C86DF1}.Release|Any CPU.ActiveCfg = Release|Any CPU
		{59753DB8-42B3-4B1A-B47C-3800C6C86DF1}.Release|Any CPU.Build.0 = Release|Any CPU
		{59753DB8-42B3-4B1A-B47C-3800C6C86DF1}.Release|ARM.ActiveCfg = Release|Any CPU
		{59753DB8-42B3-4B1A-B47C-3800C6C86DF1}.Release|ARM.Build.0 = Release|Any CPU
		{59753DB8-42B3-4B1A-B47C-3800C6C86DF1}.Release|x64.ActiveCfg = Release|Any CPU
		{59753DB8-42B3-4B1A-B47C-3800C6C86DF1}.Release|x64.Build.0 = Release|Any CPU
		{59753DB8-42B3-4B1A-B47C-3800C6C86DF1}.Release|x86.ActiveCfg = Release|Any CPU
		{59753DB8-42B3-4B1A-B47C-3800C6C86DF1}.Release|x86.Build.0 = Release|Any CPU
		{54B03116-7EEF-48D3-8783-05872C0C94E0}.Debug|Any CPU.ActiveCfg = Debug|Any CPU
		{54B03116-7EEF-48D3-8783-05872C0C94E0}.Debug|Any CPU.Build.0 = Debug|Any CPU
		{54B03116-7EEF-48D3-8783-05872C0C94E0}.Debug|ARM.ActiveCfg = Debug|ARM
		{54B03116-7EEF-48D3-8783-05872C0C94E0}.Debug|ARM.Build.0 = Debug|ARM
		{54B03116-7EEF-48D3-8783-05872C0C94E0}.Debug|x64.ActiveCfg = Debug|x64
		{54B03116-7EEF-48D3-8783-05872C0C94E0}.Debug|x64.Build.0 = Debug|x64
		{54B03116-7EEF-48D3-8783-05872C0C94E0}.Debug|x86.ActiveCfg = Debug|x86
		{54B03116-7EEF-48D3-8783-05872C0C94E0}.Debug|x86.Build.0 = Debug|x86
		{54B03116-7EEF-48D3-8783-05872C0C94E0}.Release|Any CPU.ActiveCfg = Release|Any CPU
		{54B03116-7EEF-48D3-8783-05872C0C94E0}.Release|Any CPU.Build.0 = Release|Any CPU
		{54B03116-7EEF-48D3-8783-05872C0C94E0}.Release|ARM.ActiveCfg = Release|ARM
		{54B03116-7EEF-48D3-8783-05872C0C94E0}.Release|ARM.Build.0 = Release|ARM
		{54B03116-7EEF-48D3-8783-05872C0C94E0}.Release|x64.ActiveCfg = Release|x64
		{54B03116-7EEF-48D3-8783-05872C0C94E0}.Release|x64.Build.0 = Release|x64
		{54B03116-7EEF-48D3-8783-05872C0C94E0}.Release|x86.ActiveCfg = Release|x86
		{54B03116-7EEF-48D3-8783-05872C0C94E0}.Release|x86.Build.0 = Release|x86
		{DF675FDD-2BCB-4B38-A989-4C84707E7A9B}.Debug|Any CPU.ActiveCfg = Debug|Any CPU
		{DF675FDD-2BCB-4B38-A989-4C84707E7A9B}.Debug|Any CPU.Build.0 = Debug|Any CPU
		{DF675FDD-2BCB-4B38-A989-4C84707E7A9B}.Debug|ARM.ActiveCfg = Debug|Any CPU
		{DF675FDD-2BCB-4B38-A989-4C84707E7A9B}.Debug|ARM.Build.0 = Debug|Any CPU
		{DF675FDD-2BCB-4B38-A989-4C84707E7A9B}.Debug|x64.ActiveCfg = Debug|Any CPU
		{DF675FDD-2BCB-4B38-A989-4C84707E7A9B}.Debug|x64.Build.0 = Debug|Any CPU
		{DF675FDD-2BCB-4B38-A989-4C84707E7A9B}.Debug|x86.ActiveCfg = Debug|Any CPU
		{DF675FDD-2BCB-4B38-A989-4C84707E7A9B}.Debug|x86.Build.0 = Debug|Any CPU
		{DF675FDD-2BCB-4B38-A989-4C84707E7A9B}.Release|Any CPU.ActiveCfg = Release|Any CPU
		{DF675FDD-2BCB-4B38-A989-4C84707E7A9B}.Release|Any CPU.Build.0 = Release|Any CPU
		{DF675FDD-2BCB-4B38-A989-4C84707E7A9B}.Release|ARM.ActiveCfg = Release|Any CPU
		{DF675FDD-2BCB-4B38-A989-4C84707E7A9B}.Release|ARM.Build.0 = Release|Any CPU
		{DF675FDD-2BCB-4B38-A989-4C84707E7A9B}.Release|x64.ActiveCfg = Release|Any CPU
		{DF675FDD-2BCB-4B38-A989-4C84707E7A9B}.Release|x64.Build.0 = Release|Any CPU
		{DF675FDD-2BCB-4B38-A989-4C84707E7A9B}.Release|x86.ActiveCfg = Release|Any CPU
		{DF675FDD-2BCB-4B38-A989-4C84707E7A9B}.Release|x86.Build.0 = Release|Any CPU
		{6A3285D9-EE87-4FE1-BA53-6D12CD496FD1}.Debug|Any CPU.ActiveCfg = Debug|Any CPU
		{6A3285D9-EE87-4FE1-BA53-6D12CD496FD1}.Debug|Any CPU.Build.0 = Debug|Any CPU
		{6A3285D9-EE87-4FE1-BA53-6D12CD496FD1}.Debug|ARM.ActiveCfg = Debug|Any CPU
		{6A3285D9-EE87-4FE1-BA53-6D12CD496FD1}.Debug|ARM.Build.0 = Debug|Any CPU
		{6A3285D9-EE87-4FE1-BA53-6D12CD496FD1}.Debug|x64.ActiveCfg = Debug|Any CPU
		{6A3285D9-EE87-4FE1-BA53-6D12CD496FD1}.Debug|x64.Build.0 = Debug|Any CPU
		{6A3285D9-EE87-4FE1-BA53-6D12CD496FD1}.Debug|x86.ActiveCfg = Debug|Any CPU
		{6A3285D9-EE87-4FE1-BA53-6D12CD496FD1}.Debug|x86.Build.0 = Debug|Any CPU
		{6A3285D9-EE87-4FE1-BA53-6D12CD496FD1}.Release|Any CPU.ActiveCfg = Release|Any CPU
		{6A3285D9-EE87-4FE1-BA53-6D12CD496FD1}.Release|Any CPU.Build.0 = Release|Any CPU
		{6A3285D9-EE87-4FE1-BA53-6D12CD496FD1}.Release|ARM.ActiveCfg = Release|Any CPU
		{6A3285D9-EE87-4FE1-BA53-6D12CD496FD1}.Release|ARM.Build.0 = Release|Any CPU
		{6A3285D9-EE87-4FE1-BA53-6D12CD496FD1}.Release|x64.ActiveCfg = Release|Any CPU
		{6A3285D9-EE87-4FE1-BA53-6D12CD496FD1}.Release|x64.Build.0 = Release|Any CPU
		{6A3285D9-EE87-4FE1-BA53-6D12CD496FD1}.Release|x86.ActiveCfg = Release|Any CPU
		{6A3285D9-EE87-4FE1-BA53-6D12CD496FD1}.Release|x86.Build.0 = Release|Any CPU
		{6FFE3A9F-9FD9-4D2D-A75E-373BE8234A80}.Debug|Any CPU.ActiveCfg = Debug|Any CPU
		{6FFE3A9F-9FD9-4D2D-A75E-373BE8234A80}.Debug|Any CPU.Build.0 = Debug|Any CPU
		{6FFE3A9F-9FD9-4D2D-A75E-373BE8234A80}.Debug|ARM.ActiveCfg = Debug|Any CPU
		{6FFE3A9F-9FD9-4D2D-A75E-373BE8234A80}.Debug|ARM.Build.0 = Debug|Any CPU
		{6FFE3A9F-9FD9-4D2D-A75E-373BE8234A80}.Debug|x64.ActiveCfg = Debug|Any CPU
		{6FFE3A9F-9FD9-4D2D-A75E-373BE8234A80}.Debug|x64.Build.0 = Debug|Any CPU
		{6FFE3A9F-9FD9-4D2D-A75E-373BE8234A80}.Debug|x86.ActiveCfg = Debug|Any CPU
		{6FFE3A9F-9FD9-4D2D-A75E-373BE8234A80}.Debug|x86.Build.0 = Debug|Any CPU
		{6FFE3A9F-9FD9-4D2D-A75E-373BE8234A80}.Release|Any CPU.ActiveCfg = Release|Any CPU
		{6FFE3A9F-9FD9-4D2D-A75E-373BE8234A80}.Release|Any CPU.Build.0 = Release|Any CPU
		{6FFE3A9F-9FD9-4D2D-A75E-373BE8234A80}.Release|ARM.ActiveCfg = Release|Any CPU
		{6FFE3A9F-9FD9-4D2D-A75E-373BE8234A80}.Release|ARM.Build.0 = Release|Any CPU
		{6FFE3A9F-9FD9-4D2D-A75E-373BE8234A80}.Release|x64.ActiveCfg = Release|Any CPU
		{6FFE3A9F-9FD9-4D2D-A75E-373BE8234A80}.Release|x64.Build.0 = Release|Any CPU
		{6FFE3A9F-9FD9-4D2D-A75E-373BE8234A80}.Release|x86.ActiveCfg = Release|Any CPU
		{6FFE3A9F-9FD9-4D2D-A75E-373BE8234A80}.Release|x86.Build.0 = Release|Any CPU
		{A50C9702-260D-44B3-BB6B-7578409863C3}.Debug|Any CPU.ActiveCfg = Debug|x86
		{A50C9702-260D-44B3-BB6B-7578409863C3}.Debug|ARM.ActiveCfg = Debug|ARM
		{A50C9702-260D-44B3-BB6B-7578409863C3}.Debug|ARM.Build.0 = Debug|ARM
		{A50C9702-260D-44B3-BB6B-7578409863C3}.Debug|ARM.Deploy.0 = Debug|ARM
		{A50C9702-260D-44B3-BB6B-7578409863C3}.Debug|x64.ActiveCfg = Debug|x64
		{A50C9702-260D-44B3-BB6B-7578409863C3}.Debug|x64.Build.0 = Debug|x64
		{A50C9702-260D-44B3-BB6B-7578409863C3}.Debug|x64.Deploy.0 = Debug|x64
		{A50C9702-260D-44B3-BB6B-7578409863C3}.Debug|x86.ActiveCfg = Debug|x86
		{A50C9702-260D-44B3-BB6B-7578409863C3}.Debug|x86.Build.0 = Debug|x86
		{A50C9702-260D-44B3-BB6B-7578409863C3}.Debug|x86.Deploy.0 = Debug|x86
		{A50C9702-260D-44B3-BB6B-7578409863C3}.Release|Any CPU.ActiveCfg = Release|x86
		{A50C9702-260D-44B3-BB6B-7578409863C3}.Release|ARM.ActiveCfg = Release|ARM
		{A50C9702-260D-44B3-BB6B-7578409863C3}.Release|ARM.Build.0 = Release|ARM
		{A50C9702-260D-44B3-BB6B-7578409863C3}.Release|ARM.Deploy.0 = Release|ARM
		{A50C9702-260D-44B3-BB6B-7578409863C3}.Release|x64.ActiveCfg = Release|x64
		{A50C9702-260D-44B3-BB6B-7578409863C3}.Release|x64.Build.0 = Release|x64
		{A50C9702-260D-44B3-BB6B-7578409863C3}.Release|x64.Deploy.0 = Release|x64
		{A50C9702-260D-44B3-BB6B-7578409863C3}.Release|x86.ActiveCfg = Release|x86
		{A50C9702-260D-44B3-BB6B-7578409863C3}.Release|x86.Build.0 = Release|x86
		{A50C9702-260D-44B3-BB6B-7578409863C3}.Release|x86.Deploy.0 = Release|x86
		{540E0F56-6F5F-4892-81FC-FB3983036537}.Debug|Any CPU.ActiveCfg = Debug|Any CPU
		{540E0F56-6F5F-4892-81FC-FB3983036537}.Debug|Any CPU.Build.0 = Debug|Any CPU
		{540E0F56-6F5F-4892-81FC-FB3983036537}.Debug|ARM.ActiveCfg = Debug|Any CPU
		{540E0F56-6F5F-4892-81FC-FB3983036537}.Debug|ARM.Build.0 = Debug|Any CPU
		{540E0F56-6F5F-4892-81FC-FB3983036537}.Debug|x64.ActiveCfg = Debug|Any CPU
		{540E0F56-6F5F-4892-81FC-FB3983036537}.Debug|x64.Build.0 = Debug|Any CPU
		{540E0F56-6F5F-4892-81FC-FB3983036537}.Debug|x86.ActiveCfg = Debug|Any CPU
		{540E0F56-6F5F-4892-81FC-FB3983036537}.Debug|x86.Build.0 = Debug|Any CPU
		{540E0F56-6F5F-4892-81FC-FB3983036537}.Release|Any CPU.ActiveCfg = Release|Any CPU
		{540E0F56-6F5F-4892-81FC-FB3983036537}.Release|Any CPU.Build.0 = Release|Any CPU
		{540E0F56-6F5F-4892-81FC-FB3983036537}.Release|ARM.ActiveCfg = Release|Any CPU
		{540E0F56-6F5F-4892-81FC-FB3983036537}.Release|ARM.Build.0 = Release|Any CPU
		{540E0F56-6F5F-4892-81FC-FB3983036537}.Release|x64.ActiveCfg = Release|Any CPU
		{540E0F56-6F5F-4892-81FC-FB3983036537}.Release|x64.Build.0 = Release|Any CPU
		{540E0F56-6F5F-4892-81FC-FB3983036537}.Release|x86.ActiveCfg = Release|Any CPU
		{540E0F56-6F5F-4892-81FC-FB3983036537}.Release|x86.Build.0 = Release|Any CPU
	EndGlobalSection
	GlobalSection(SolutionProperties) = preSolution
		HideSolutionNode = FALSE
	EndGlobalSection
	GlobalSection(ExtensibilityGlobals) = postSolution
		SolutionGuid = {F639AADB-FD72-409E-9248-07248D944720}
	EndGlobalSection
EndGlobal
